
Microsoft Visual Studio Solution File, Format Version 12.00
# Visual Studio Version 16
VisualStudioVersion = 16.0.31729.503
MinimumVisualStudioVersion = 10.0.40219.1
Project("{E24C65DC-7377-472B-9ABA-BC803B73C61A}") = "CardsGame", "CardsGame\", "{1C5EF6C9-0282-4FEF-A315-0EFC05375E57}"
	ProjectSection(WebsiteProperties) = preProject
		TargetFrameworkMoniker = ".NETFramework,Version%3Dv4.7.2"
		Debug.AspNetCompiler.VirtualPath = "/localhost_61483"
		Debug.AspNetCompiler.PhysicalPath = "CardsGame\"
		Debug.AspNetCompiler.TargetPath = "PrecompiledWeb\localhost_61483\"
		Debug.AspNetCompiler.Updateable = "true"
		Debug.AspNetCompiler.ForceOverwrite = "true"
		Debug.AspNetCompiler.FixedNames = "false"
		Debug.AspNetCompiler.Debug = "True"
		Release.AspNetCompiler.VirtualPath = "/localhost_61483"
		Release.AspNetCompiler.PhysicalPath = "CardsGame\"
		Release.AspNetCompiler.TargetPath = "PrecompiledWeb\localhost_61483\"
		Release.AspNetCompiler.Updateable = "true"
		Release.AspNetCompiler.ForceOverwrite = "true"
		Release.AspNetCompiler.FixedNames = "false"
		Release.AspNetCompiler.Debug = "False"
		VWDPort = "61483"
		SlnRelativePath = "CardsGame\"
		DefaultWebSiteLanguage = "Visual Basic"
	EndProjectSection
EndProject
Global
	GlobalSection(SolutionConfigurationPlatforms) = preSolution
		Debug|Any CPU = Debug|Any CPU
	EndGlobalSection
	GlobalSection(ProjectConfigurationPlatforms) = postSolution
		{1C5EF6C9-0282-4FEF-A315-0EFC05375E57}.Debug|Any CPU.ActiveCfg = Debug|Any CPU
		{1C5EF6C9-0282-4FEF-A315-0EFC05375E57}.Debug|Any CPU.Build.0 = Debug|Any CPU
	EndGlobalSection
	GlobalSection(SolutionProperties) = preSolution
		HideSolutionNode = FALSE
	EndGlobalSection
	GlobalSection(ExtensibilityGlobals) = postSolution
		SolutionGuid = {C5336325-37A1-4920-BA11-3072A59B6AE2}
	EndGlobalSection
EndGlobal
